
Microsoft Visual Studio Solution File, Format Version 12.00
# Visual Studio Version 17
Project("{2150E333-8FDC-42A3-9474-1A3956D46DE8}") = "CMake", "CMake", "{02A14707-15F0-3A97-968C-CFFB58E19802}"
EndProject
Project("{2150E333-8FDC-42A3-9474-1A3956D46DE8}") = "SFML", "SFML", "{205B31EA-4E2C-3CCF-A666-0011420445D2}"
EndProject
Project("{8BC9CEB8-8B4A-11D0-8D11-00A0C91BC942}") = "ALL_BUILD", "ALL_BUILD.vcxproj", "{5A1E6438-EAD0-36A2-B636-DEC3636CF6AB}"
	ProjectSection(ProjectDependencies) = postProject
		{F1D79290-F4A3-355A-AE7C-5ED23FC5728E} = {F1D79290-F4A3-355A-AE7C-5ED23FC5728E}
		{07A349DA-8B4F-381F-841F-CE1988F927A7} = {07A349DA-8B4F-381F-841F-CE1988F927A7}
		{3AD7AF55-E6C1-3DE7-88D4-11AC0F215C40} = {3AD7AF55-E6C1-3DE7-88D4-11AC0F215C40}
		{9F5C7BC3-CC3C-3B47-B2B6-5EACF4C78135} = {9F5C7BC3-CC3C-3B47-B2B6-5EACF4C78135}
		{59600F9C-0C18-37CC-B20A-EDD51872F401} = {59600F9C-0C18-37CC-B20A-EDD51872F401}
		{A4897B98-3755-3B4D-8C6E-D25176E270DD} = {A4897B98-3755-3B4D-8C6E-D25176E270DD}
		{A0A0DAA2-B638-3587-9906-05AA42C5DFA4} = {A0A0DAA2-B638-3587-9906-05AA42C5DFA4}
	EndProjectSection
EndProject
Project("{8BC9CEB8-8B4A-11D0-8D11-00A0C91BC942}") = "INSTALL", "INSTALL.vcxproj", "{5D65EB09-9975-363B-812C-B1C084598685}"
	ProjectSection(ProjectDependencies) = postProject
		{5A1E6438-EAD0-36A2-B636-DEC3636CF6AB} = {5A1E6438-EAD0-36A2-B636-DEC3636CF6AB}
		{F1D79290-F4A3-355A-AE7C-5ED23FC5728E} = {F1D79290-F4A3-355A-AE7C-5ED23FC5728E}
	EndProjectSection
EndProject
Project("{8BC9CEB8-8B4A-11D0-8D11-00A0C91BC942}") = "PACKAGE", "PACKAGE.vcxproj", "{37B22632-6117-34E5-BD28-6B0082CE5E6E}"
	ProjectSection(ProjectDependencies) = postProject
		{5A1E6438-EAD0-36A2-B636-DEC3636CF6AB} = {5A1E6438-EAD0-36A2-B636-DEC3636CF6AB}
		{F1D79290-F4A3-355A-AE7C-5ED23FC5728E} = {F1D79290-F4A3-355A-AE7C-5ED23FC5728E}
	EndProjectSection
EndProject
Project("{8BC9CEB8-8B4A-11D0-8D11-00A0C91BC942}") = "ZERO_CHECK", "..\..\\ZERO_CHECK.vcxproj", "{F1D79290-F4A3-355A-AE7C-5ED23FC5728E}"
	ProjectSection(ProjectDependencies) = postProject
	EndProjectSection
EndProject
Project("{8BC9CEB8-8B4A-11D0-8D11-00A0C91BC942}") = "sfml-audio", "src\SFML\Audio\sfml-audio.vcxproj", "{07A349DA-8B4F-381F-841F-CE1988F927A7}"
	ProjectSection(ProjectDependencies) = postProject
		{F1D79290-F4A3-355A-AE7C-5ED23FC5728E} = {F1D79290-F4A3-355A-AE7C-5ED23FC5728E}
		{A4897B98-3755-3B4D-8C6E-D25176E270DD} = {A4897B98-3755-3B4D-8C6E-D25176E270DD}
	EndProjectSection
EndProject
Project("{8BC9CEB8-8B4A-11D0-8D11-00A0C91BC942}") = "sfml-graphics", "src\SFML\Graphics\sfml-graphics.vcxproj", "{3AD7AF55-E6C1-3DE7-88D4-11AC0F215C40}"
	ProjectSection(ProjectDependencies) = postProject
		{F1D79290-F4A3-355A-AE7C-5ED23FC5728E} = {F1D79290-F4A3-355A-AE7C-5ED23FC5728E}
		{A4897B98-3755-3B4D-8C6E-D25176E270DD} = {A4897B98-3755-3B4D-8C6E-D25176E270DD}
		{A0A0DAA2-B638-3587-9906-05AA42C5DFA4} = {A0A0DAA2-B638-3587-9906-05AA42C5DFA4}
	EndProjectSection
EndProject
Project("{8BC9CEB8-8B4A-11D0-8D11-00A0C91BC942}") = "sfml-main", "src\SFML\Main\sfml-main.vcxproj", "{9F5C7BC3-CC3C-3B47-B2B6-5EACF4C78135}"
	ProjectSection(ProjectDependencies) = postProject
		{F1D79290-F4A3-355A-AE7C-5ED23FC5728E} = {F1D79290-F4A3-355A-AE7C-5ED23FC5728E}
	EndProjectSection
EndProject
Project("{8BC9CEB8-8B4A-11D0-8D11-00A0C91BC942}") = "sfml-network", "src\SFML\Network\sfml-network.vcxproj", "{59600F9C-0C18-37CC-B20A-EDD51872F401}"
	ProjectSection(ProjectDependencies) = postProject
		{F1D79290-F4A3-355A-AE7C-5ED23FC5728E} = {F1D79290-F4A3-355A-AE7C-5ED23FC5728E}
		{A4897B98-3755-3B4D-8C6E-D25176E270DD} = {A4897B98-3755-3B4D-8C6E-D25176E270DD}
	EndProjectSection
EndProject
Project("{8BC9CEB8-8B4A-11D0-8D11-00A0C91BC942}") = "sfml-system", "src\SFML\System\sfml-system.vcxproj", "{A4897B98-3755-3B4D-8C6E-D25176E270DD}"
	ProjectSection(ProjectDependencies) = postProject
		{F1D79290-F4A3-355A-AE7C-5ED23FC5728E} = {F1D79290-F4A3-355A-AE7C-5ED23FC5728E}
	EndProjectSection
EndProject
Project("{8BC9CEB8-8B4A-11D0-8D11-00A0C91BC942}") = "sfml-window", "src\SFML\Window\sfml-window.vcxproj", "{A0A0DAA2-B638-3587-9906-05AA42C5DFA4}"
	ProjectSection(ProjectDependencies) = postProject
		{F1D79290-F4A3-355A-AE7C-5ED23FC5728E} = {F1D79290-F4A3-355A-AE7C-5ED23FC5728E}
		{A4897B98-3755-3B4D-8C6E-D25176E270DD} = {A4897B98-3755-3B4D-8C6E-D25176E270DD}
	EndProjectSection
EndProject
Global
	GlobalSection(SolutionConfigurationPlatforms) = preSolution
		Debug|x64 = Debug|x64
		Release|x64 = Release|x64
		MinSizeRel|x64 = MinSizeRel|x64
		RelWithDebInfo|x64 = RelWithDebInfo|x64
	EndGlobalSection
	GlobalSection(ProjectConfigurationPlatforms) = postSolution
		{5A1E6438-EAD0-36A2-B636-DEC3636CF6AB}.Debug|x64.ActiveCfg = Debug|x64
		{5A1E6438-EAD0-36A2-B636-DEC3636CF6AB}.Debug|x64.Build.0 = Debug|x64
		{5A1E6438-EAD0-36A2-B636-DEC3636CF6AB}.Release|x64.ActiveCfg = Release|x64
		{5A1E6438-EAD0-36A2-B636-DEC3636CF6AB}.Release|x64.Build.0 = Release|x64
		{5A1E6438-EAD0-36A2-B636-DEC3636CF6AB}.MinSizeRel|x64.ActiveCfg = MinSizeRel|x64
		{5A1E6438-EAD0-36A2-B636-DEC3636CF6AB}.MinSizeRel|x64.Build.0 = MinSizeRel|x64
		{5A1E6438-EAD0-36A2-B636-DEC3636CF6AB}.RelWithDebInfo|x64.ActiveCfg = RelWithDebInfo|x64
		{5A1E6438-EAD0-36A2-B636-DEC3636CF6AB}.RelWithDebInfo|x64.Build.0 = RelWithDebInfo|x64
		{5D65EB09-9975-363B-812C-B1C084598685}.Debug|x64.ActiveCfg = Debug|x64
		{5D65EB09-9975-363B-812C-B1C084598685}.Release|x64.ActiveCfg = Release|x64
		{5D65EB09-9975-363B-812C-B1C084598685}.MinSizeRel|x64.ActiveCfg = MinSizeRel|x64
		{5D65EB09-9975-363B-812C-B1C084598685}.RelWithDebInfo|x64.ActiveCfg = RelWithDebInfo|x64
		{37B22632-6117-34E5-BD28-6B0082CE5E6E}.Debug|x64.ActiveCfg = Debug|x64
		{37B22632-6117-34E5-BD28-6B0082CE5E6E}.Release|x64.ActiveCfg = Release|x64
		{37B22632-6117-34E5-BD28-6B0082CE5E6E}.MinSizeRel|x64.ActiveCfg = MinSizeRel|x64
		{37B22632-6117-34E5-BD28-6B0082CE5E6E}.RelWithDebInfo|x64.ActiveCfg = RelWithDebInfo|x64
		{F1D79290-F4A3-355A-AE7C-5ED23FC5728E}.Debug|x64.ActiveCfg = Debug|x64
		{F1D79290-F4A3-355A-AE7C-5ED23FC5728E}.Debug|x64.Build.0 = Debug|x64
		{F1D79290-F4A3-355A-AE7C-5ED23FC5728E}.Release|x64.ActiveCfg = Release|x64
		{F1D79290-F4A3-355A-AE7C-5ED23FC5728E}.Release|x64.Build.0 = Release|x64
		{F1D79290-F4A3-355A-AE7C-5ED23FC5728E}.MinSizeRel|x64.ActiveCfg = MinSizeRel|x64
		{F1D79290-F4A3-355A-AE7C-5ED23FC5728E}.MinSizeRel|x64.Build.0 = MinSizeRel|x64
		{F1D79290-F4A3-355A-AE7C-5ED23FC5728E}.RelWithDebInfo|x64.ActiveCfg = RelWithDebInfo|x64
		{F1D79290-F4A3-355A-AE7C-5ED23FC5728E}.RelWithDebInfo|x64.Build.0 = RelWithDebInfo|x64
		{07A349DA-8B4F-381F-841F-CE1988F927A7}.Debug|x64.ActiveCfg = Debug|x64
		{07A349DA-8B4F-381F-841F-CE1988F927A7}.Debug|x64.Build.0 = Debug|x64
		{07A349DA-8B4F-381F-841F-CE1988F927A7}.Release|x64.ActiveCfg = Release|x64
		{07A349DA-8B4F-381F-841F-CE1988F927A7}.Release|x64.Build.0 = Release|x64
		{07A349DA-8B4F-381F-841F-CE1988F927A7}.MinSizeRel|x64.ActiveCfg = MinSizeRel|x64
		{07A349DA-8B4F-381F-841F-CE1988F927A7}.MinSizeRel|x64.Build.0 = MinSizeRel|x64
		{07A349DA-8B4F-381F-841F-CE1988F927A7}.RelWithDebInfo|x64.ActiveCfg = RelWithDebInfo|x64
		{07A349DA-8B4F-381F-841F-CE1988F927A7}.RelWithDebInfo|x64.Build.0 = RelWithDebInfo|x64
		{3AD7AF55-E6C1-3DE7-88D4-11AC0F215C40}.Debug|x64.ActiveCfg = Debug|x64
		{3AD7AF55-E6C1-3DE7-88D4-11AC0F215C40}.Debug|x64.Build.0 = Debug|x64
		{3AD7AF55-E6C1-3DE7-88D4-11AC0F215C40}.Release|x64.ActiveCfg = Release|x64
		{3AD7AF55-E6C1-3DE7-88D4-11AC0F215C40}.Release|x64.Build.0 = Release|x64
		{3AD7AF55-E6C1-3DE7-88D4-11AC0F215C40}.MinSizeRel|x64.ActiveCfg = MinSizeRel|x64
		{3AD7AF55-E6C1-3DE7-88D4-11AC0F215C40}.MinSizeRel|x64.Build.0 = MinSizeRel|x64
		{3AD7AF55-E6C1-3DE7-88D4-11AC0F215C40}.RelWithDebInfo|x64.ActiveCfg = RelWithDebInfo|x64
		{3AD7AF55-E6C1-3DE7-88D4-11AC0F215C40}.RelWithDebInfo|x64.Build.0 = RelWithDebInfo|x64
		{9F5C7BC3-CC3C-3B47-B2B6-5EACF4C78135}.Debug|x64.ActiveCfg = Debug|x64
		{9F5C7BC3-CC3C-3B47-B2B6-5EACF4C78135}.Debug|x64.Build.0 = Debug|x64
		{9F5C7BC3-CC3C-3B47-B2B6-5EACF4C78135}.Release|x64.ActiveCfg = Release|x64
		{9F5C7BC3-CC3C-3B47-B2B6-5EACF4C78135}.Release|x64.Build.0 = Release|x64
		{9F5C7BC3-CC3C-3B47-B2B6-5EACF4C78135}.MinSizeRel|x64.ActiveCfg = MinSizeRel|x64
		{9F5C7BC3-CC3C-3B47-B2B6-5EACF4C78135}.MinSizeRel|x64.Build.0 = MinSizeRel|x64
		{9F5C7BC3-CC3C-3B47-B2B6-5EACF4C78135}.RelWithDebInfo|x64.ActiveCfg = RelWithDebInfo|x64
		{9F5C7BC3-CC3C-3B47-B2B6-5EACF4C78135}.RelWithDebInfo|x64.Build.0 = RelWithDebInfo|x64
		{59600F9C-0C18-37CC-B20A-EDD51872F401}.Debug|x64.ActiveCfg = Debug|x64
		{59600F9C-0C18-37CC-B20A-EDD51872F401}.Debug|x64.Build.0 = Debug|x64
		{59600F9C-0C18-37CC-B20A-EDD51872F401}.Release|x64.ActiveCfg = Release|x64
		{59600F9C-0C18-37CC-B20A-EDD51872F401}.Release|x64.Build.0 = Release|x64
		{59600F9C-0C18-37CC-B20A-EDD51872F401}.MinSizeRel|x64.ActiveCfg = MinSizeRel|x64
		{59600F9C-0C18-37CC-B20A-EDD51872F401}.MinSizeRel|x64.Build.0 = MinSizeRel|x64
		{59600F9C-0C18-37CC-B20A-EDD51872F401}.RelWithDebInfo|x64.ActiveCfg = RelWithDebInfo|x64
		{59600F9C-0C18-37CC-B20A-EDD51872F401}.RelWithDebInfo|x64.Build.0 = RelWithDebInfo|x64
		{A4897B98-3755-3B4D-8C6E-D25176E270DD}.Debug|x64.ActiveCfg = Debug|x64
		{A4897B98-3755-3B4D-8C6E-D25176E270DD}.Debug|x64.Build.0 = Debug|x64
		{A4897B98-3755-3B4D-8C6E-D25176E270DD}.Release|x64.ActiveCfg = Release|x64
		{A4897B98-3755-3B4D-8C6E-D25176E270DD}.Release|x64.Build.0 = Release|x64
		{A4897B98-3755-3B4D-8C6E-D25176E270DD}.MinSizeRel|x64.ActiveCfg = MinSizeRel|x64
		{A4897B98-3755-3B4D-8C6E-D25176E270DD}.MinSizeRel|x64.Build.0 = MinSizeRel|x64
		{A4897B98-3755-3B4D-8C6E-D25176E270DD}.RelWithDebInfo|x64.ActiveCfg = RelWithDebInfo|x64
		{A4897B98-3755-3B4D-8C6E-D25176E270DD}.RelWithDebInfo|x64.Build.0 = RelWithDebInfo|x64
		{A0A0DAA2-B638-3587-9906-05AA42C5DFA4}.Debug|x64.ActiveCfg = Debug|x64
		{A0A0DAA2-B638-3587-9906-05AA42C5DFA4}.Debug|x64.Build.0 = Debug|x64
		{A0A0DAA2-B638-3587-9906-05AA42C5DFA4}.Release|x64.ActiveCfg = Release|x64
		{A0A0DAA2-B638-3587-9906-05AA42C5DFA4}.Release|x64.Build.0 = Release|x64
		{A0A0DAA2-B638-3587-9906-05AA42C5DFA4}.MinSizeRel|x64.ActiveCfg = MinSizeRel|x64
		{A0A0DAA2-B638-3587-9906-05AA42C5DFA4}.MinSizeRel|x64.Build.0 = MinSizeRel|x64
		{A0A0DAA2-B638-3587-9906-05AA42C5DFA4}.RelWithDebInfo|x64.ActiveCfg = RelWithDebInfo|x64
		{A0A0DAA2-B638-3587-9906-05AA42C5DFA4}.RelWithDebInfo|x64.Build.0 = RelWithDebInfo|x64
	EndGlobalSection
	GlobalSection(NestedProjects) = preSolution
		{5A1E6438-EAD0-36A2-B636-DEC3636CF6AB} = {02A14707-15F0-3A97-968C-CFFB58E19802}
		{5D65EB09-9975-363B-812C-B1C084598685} = {02A14707-15F0-3A97-968C-CFFB58E19802}
		{37B22632-6117-34E5-BD28-6B0082CE5E6E} = {02A14707-15F0-3A97-968C-CFFB58E19802}
		{F1D79290-F4A3-355A-AE7C-5ED23FC5728E} = {02A14707-15F0-3A97-968C-CFFB58E19802}
		{07A349DA-8B4F-381F-841F-CE1988F927A7} = {205B31EA-4E2C-3CCF-A666-0011420445D2}
		{3AD7AF55-E6C1-3DE7-88D4-11AC0F215C40} = {205B31EA-4E2C-3CCF-A666-0011420445D2}
		{9F5C7BC3-CC3C-3B47-B2B6-5EACF4C78135} = {205B31EA-4E2C-3CCF-A666-0011420445D2}
		{59600F9C-0C18-37CC-B20A-EDD51872F401} = {205B31EA-4E2C-3CCF-A666-0011420445D2}
		{A4897B98-3755-3B4D-8C6E-D25176E270DD} = {205B31EA-4E2C-3CCF-A666-0011420445D2}
		{A0A0DAA2-B638-3587-9906-05AA42C5DFA4} = {205B31EA-4E2C-3CCF-A666-0011420445D2}
	EndGlobalSection
	GlobalSection(ExtensibilityGlobals) = postSolution
		SolutionGuid = {557A8FAC-0E72-368D-8F34-5B866004A791}
	EndGlobalSection
	GlobalSection(ExtensibilityAddIns) = postSolution
	EndGlobalSection
EndGlobal
