<?xml version="1.0" encoding="utf-8"?>
<Project ToolsVersion="17.0" xmlns="http://schemas.microsoft.com/developer/msbuild/2003">
  <ItemGroup>
    <CustomBuild Include="C:\Users\danie\Games-Engineering\CMakeFiles\778b68125d3315e5491f91c8a4be59d2\PACKAGE_force.rule">
      <Filter>CMake Rules</Filter>
    </CustomBuild>
  </ItemGroup>
  <ItemGroup>
    <Filter Include="CMake Rules">
      <UniqueIdentifier>{6ABA623C-75E0-3A2A-9C0F-21DB7B06D0A1}</UniqueIdentifier>
    </Filter>
  </ItemGroup>
</Project>
